
Microsoft Visual Studio Solution File, Format Version 12.00
# Visual Studio 2013
VisualStudioVersion = 12.0.31101.0
MinimumVisualStudioVersion = 10.0.40219.1
Project("{2150E333-8FDC-42A3-9474-1A3956D46DE8}") = "Sources", "Sources", "{FBF389C1-2E81-4CFF-98FA-ECFAC58D4FFD}"
EndProject
Project("{2150E333-8FDC-42A3-9474-1A3956D46DE8}") = "Documentation", "Documentation", "{7C3FF108-2EE4-4083-B2FD-590CEBF8B718}"
EndProject
Project("{2150E333-8FDC-42A3-9474-1A3956D46DE8}") = "Core", "Core", "{97DAC575-46A6-45D5-B1C9-721CDBA21837}"
EndProject
Project("{2150E333-8FDC-42A3-9474-1A3956D46DE8}") = "Examples", "Examples", "{E8AAB87D-05CB-4761-B60B-17F074726473}"
EndProject
Project("{2150E333-8FDC-42A3-9474-1A3956D46DE8}") = "Installers", "Installers", "{3FE90EF7-BE03-4635-A3C5-49B1B843921B}"
EndProject
Project("{2150E333-8FDC-42A3-9474-1A3956D46DE8}") = "Powerpack", "Powerpack", "{2B925DB7-3F94-4031-B959-840345E2C00D}"
EndProject
Project("{2150E333-8FDC-42A3-9474-1A3956D46DE8}") = "Shared", "Shared", "{989BCC64-EA4C-4F89-A901-7C1EDCE9B661}"
EndProject
Project("{2150E333-8FDC-42A3-9474-1A3956D46DE8}") = "Tests", "Tests", "{8DB735E9-6AA3-4B40-A56F-02292CD68F01}"
EndProject
Project("{2150E333-8FDC-42A3-9474-1A3956D46DE8}") = "Tools", "Tools", "{FED9467B-A00D-4BB0-AD7B-9F826AEBE317}"
EndProject
Project("{2150E333-8FDC-42A3-9474-1A3956D46DE8}") = "IdeIntegration", "IdeIntegration", "{212E9D3C-5F9B-4846-B7E0-94189B7716A1}"
EndProject
Project("{2150E333-8FDC-42A3-9474-1A3956D46DE8}") = "VisualStudio", "VisualStudio", "{0C294FE8-AAC1-422A-AB87-485A683FDC03}"
EndProject
Project("{2150E333-8FDC-42A3-9474-1A3956D46DE8}") = "MonoDevelop", "MonoDevelop", "{EC17A1CF-BBB4-4881-9004-FE7BB772DF94}"
EndProject
Project("{2150E333-8FDC-42A3-9474-1A3956D46DE8}") = "SharpDevelop", "SharpDevelop", "{46A5DDF5-82A8-4542-85ED-30A1E15F9405}"
EndProject
Project("{2150E333-8FDC-42A3-9474-1A3956D46DE8}") = "Packaging", "Packaging", "{C056E55C-6762-4CE3-98A6-CBD96C95DD82}"
EndProject
Project("{2150E333-8FDC-42A3-9474-1A3956D46DE8}") = "Windows", "Windows", "{AB8B8E61-28DB-4947-9BB6-804FD5BFA5AB}"
EndProject
Project("{EDCC3B85-0BAD-11DB-BC1A-00112FDE8B61}") = "Nemerle", "Sources\Core\Nemerle\Nemerle.nproj", "{0C558E35-7DF9-4A68-9015-B316DD59C0CB}"
EndProject
Project("{EDCC3B85-0BAD-11DB-BC1A-00112FDE8B61}") = "Nemerle.Compiler", "Sources\Core\Nemerle.Compiler\Nemerle.Compiler.nproj", "{0C558E36-7DF9-4A68-9015-B316DD59C0CB}"
EndProject
Project("{EDCC3B85-0BAD-11DB-BC1A-00112FDE8B61}") = "Nemerle.Macros", "Sources\Core\Nemerle.Macros\Nemerle.Macros.nproj", "{0C558E37-7DF9-4A68-9015-B316DD59C0CB}"
EndProject
Project("{EDCC3B85-0BAD-11DB-BC1A-00112FDE8B61}") = "Nemerle.Compiler.CommandLine", "Sources\Core\Nemerle.Compiler.CommandLine\Nemerle.Compiler.CommandLine.nproj", "{0C558E38-7DF9-4A68-9015-B316DD59C0CB}"
EndProject
Global
	GlobalSection(SolutionConfigurationPlatforms) = preSolution
		Debug|Any CPU = Debug|Any CPU
		Release|Any CPU = Release|Any CPU
	EndGlobalSection
	GlobalSection(ProjectConfigurationPlatforms) = postSolution
		{0C558E35-7DF9-4A68-9015-B316DD59C0CB}.Debug|Any CPU.ActiveCfg = Debug|Any CPU
		{0C558E35-7DF9-4A68-9015-B316DD59C0CB}.Debug|Any CPU.Build.0 = Debug|Any CPU
		{0C558E35-7DF9-4A68-9015-B316DD59C0CB}.Release|Any CPU.ActiveCfg = Release|Any CPU
		{0C558E35-7DF9-4A68-9015-B316DD59C0CB}.Release|Any CPU.Build.0 = Release|Any CPU
		{0C558E36-7DF9-4A68-9015-B316DD59C0CB}.Debug|Any CPU.ActiveCfg = Debug|Any CPU
		{0C558E36-7DF9-4A68-9015-B316DD59C0CB}.Debug|Any CPU.Build.0 = Debug|Any CPU
		{0C558E36-7DF9-4A68-9015-B316DD59C0CB}.Release|Any CPU.ActiveCfg = Release|Any CPU
		{0C558E36-7DF9-4A68-9015-B316DD59C0CB}.Release|Any CPU.Build.0 = Release|Any CPU
		{0C558E37-7DF9-4A68-9015-B316DD59C0CB}.Debug|Any CPU.ActiveCfg = Debug|Any CPU
		{0C558E37-7DF9-4A68-9015-B316DD59C0CB}.Debug|Any CPU.Build.0 = Debug|Any CPU
		{0C558E37-7DF9-4A68-9015-B316DD59C0CB}.Release|Any CPU.ActiveCfg = Release|Any CPU
		{0C558E37-7DF9-4A68-9015-B316DD59C0CB}.Release|Any CPU.Build.0 = Release|Any CPU
		{0C558E38-7DF9-4A68-9015-B316DD59C0CB}.Debug|Any CPU.ActiveCfg = Debug|Any CPU
		{0C558E38-7DF9-4A68-9015-B316DD59C0CB}.Debug|Any CPU.Build.0 = Debug|Any CPU
		{0C558E38-7DF9-4A68-9015-B316DD59C0CB}.Release|Any CPU.ActiveCfg = Release|Any CPU
		{0C558E38-7DF9-4A68-9015-B316DD59C0CB}.Release|Any CPU.Build.0 = Release|Any CPU
	EndGlobalSection
	GlobalSection(SolutionProperties) = preSolution
		HideSolutionNode = FALSE
	EndGlobalSection
	GlobalSection(NestedProjects) = preSolution
		{97DAC575-46A6-45D5-B1C9-721CDBA21837} = {FBF389C1-2E81-4CFF-98FA-ECFAC58D4FFD}
		{E8AAB87D-05CB-4761-B60B-17F074726473} = {FBF389C1-2E81-4CFF-98FA-ECFAC58D4FFD}
		{3FE90EF7-BE03-4635-A3C5-49B1B843921B} = {FBF389C1-2E81-4CFF-98FA-ECFAC58D4FFD}
		{2B925DB7-3F94-4031-B959-840345E2C00D} = {FBF389C1-2E81-4CFF-98FA-ECFAC58D4FFD}
		{989BCC64-EA4C-4F89-A901-7C1EDCE9B661} = {FBF389C1-2E81-4CFF-98FA-ECFAC58D4FFD}
		{8DB735E9-6AA3-4B40-A56F-02292CD68F01} = {FBF389C1-2E81-4CFF-98FA-ECFAC58D4FFD}
		{FED9467B-A00D-4BB0-AD7B-9F826AEBE317} = {FBF389C1-2E81-4CFF-98FA-ECFAC58D4FFD}
		{212E9D3C-5F9B-4846-B7E0-94189B7716A1} = {FBF389C1-2E81-4CFF-98FA-ECFAC58D4FFD}
		{0C294FE8-AAC1-422A-AB87-485A683FDC03} = {212E9D3C-5F9B-4846-B7E0-94189B7716A1}
		{EC17A1CF-BBB4-4881-9004-FE7BB772DF94} = {212E9D3C-5F9B-4846-B7E0-94189B7716A1}
		{46A5DDF5-82A8-4542-85ED-30A1E15F9405} = {212E9D3C-5F9B-4846-B7E0-94189B7716A1}
		{AB8B8E61-28DB-4947-9BB6-804FD5BFA5AB} = {C056E55C-6762-4CE3-98A6-CBD96C95DD82}
		{0C558E35-7DF9-4A68-9015-B316DD59C0CB} = {97DAC575-46A6-45D5-B1C9-721CDBA21837}
		{0C558E36-7DF9-4A68-9015-B316DD59C0CB} = {97DAC575-46A6-45D5-B1C9-721CDBA21837}
		{0C558E37-7DF9-4A68-9015-B316DD59C0CB} = {97DAC575-46A6-45D5-B1C9-721CDBA21837}
		{0C558E38-7DF9-4A68-9015-B316DD59C0CB} = {97DAC575-46A6-45D5-B1C9-721CDBA21837}
	EndGlobalSection
EndGlobal
